
Microsoft Visual Studio Solution File, Format Version 12.00
Project("{FAE04EC0-301F-11D3-BF4B-00C04F79EFBC}") = "01-1", "01-1\01-1.csproj", "{1CDE08AB-8B92-43B8-9C2A-05284EF03AF3}"
EndProject
Project("{FAE04EC0-301F-11D3-BF4B-00C04F79EFBC}") = "01-2", "01-2\01-2.csproj", "{991E802D-4A24-4333-81BD-F16C9DB754EC}"
EndProject
Project("{FAE04EC0-301F-11D3-BF4B-00C04F79EFBC}") = "02-1", "02-1\02-1.csproj", "{B54FC704-266A-4901-B07E-441B56659B6C}"
EndProject
Project("{FAE04EC0-301F-11D3-BF4B-00C04F79EFBC}") = "02-2", "02-2\02-2.csproj", "{533D0E4B-0C74-49A4-B53E-44C081AB0097}"
EndProject
Project("{FAE04EC0-301F-11D3-BF4B-00C04F79EFBC}") = "03-1", "03-1\03-1.csproj", "{AAA16B1D-064A-4382-A617-286748B1686D}"
EndProject
Project("{FAE04EC0-301F-11D3-BF4B-00C04F79EFBC}") = "03-2", "03-2\03-2.csproj", "{E75AED8D-DBEB-45B0-9CFF-75BE15345BA8}"
EndProject
Project("{FAE04EC0-301F-11D3-BF4B-00C04F79EFBC}") = "04-1", "04-1\04-1.csproj", "{9A383D1A-90C4-4A6C-869D-D5A34FE440B3}"
EndProject
Project("{FAE04EC0-301F-11D3-BF4B-00C04F79EFBC}") = "04-2", "04-2\04-2.csproj", "{185CBA6B-1198-4E34-99D6-D6B196066052}"
EndProject
Global
	GlobalSection(SolutionConfigurationPlatforms) = preSolution
		Debug|Any CPU = Debug|Any CPU
		Release|Any CPU = Release|Any CPU
	EndGlobalSection
	GlobalSection(ProjectConfigurationPlatforms) = postSolution
		{1CDE08AB-8B92-43B8-9C2A-05284EF03AF3}.Debug|Any CPU.ActiveCfg = Debug|Any CPU
		{1CDE08AB-8B92-43B8-9C2A-05284EF03AF3}.Debug|Any CPU.Build.0 = Debug|Any CPU
		{1CDE08AB-8B92-43B8-9C2A-05284EF03AF3}.Release|Any CPU.ActiveCfg = Release|Any CPU
		{1CDE08AB-8B92-43B8-9C2A-05284EF03AF3}.Release|Any CPU.Build.0 = Release|Any CPU
		{991E802D-4A24-4333-81BD-F16C9DB754EC}.Debug|Any CPU.ActiveCfg = Debug|Any CPU
		{991E802D-4A24-4333-81BD-F16C9DB754EC}.Debug|Any CPU.Build.0 = Debug|Any CPU
		{991E802D-4A24-4333-81BD-F16C9DB754EC}.Release|Any CPU.ActiveCfg = Release|Any CPU
		{991E802D-4A24-4333-81BD-F16C9DB754EC}.Release|Any CPU.Build.0 = Release|Any CPU
		{B54FC704-266A-4901-B07E-441B56659B6C}.Debug|Any CPU.ActiveCfg = Debug|Any CPU
		{B54FC704-266A-4901-B07E-441B56659B6C}.Debug|Any CPU.Build.0 = Debug|Any CPU
		{B54FC704-266A-4901-B07E-441B56659B6C}.Release|Any CPU.ActiveCfg = Release|Any CPU
		{B54FC704-266A-4901-B07E-441B56659B6C}.Release|Any CPU.Build.0 = Release|Any CPU
		{533D0E4B-0C74-49A4-B53E-44C081AB0097}.Debug|Any CPU.ActiveCfg = Debug|Any CPU
		{533D0E4B-0C74-49A4-B53E-44C081AB0097}.Debug|Any CPU.Build.0 = Debug|Any CPU
		{533D0E4B-0C74-49A4-B53E-44C081AB0097}.Release|Any CPU.ActiveCfg = Release|Any CPU
		{533D0E4B-0C74-49A4-B53E-44C081AB0097}.Release|Any CPU.Build.0 = Release|Any CPU
		{AAA16B1D-064A-4382-A617-286748B1686D}.Debug|Any CPU.ActiveCfg = Debug|Any CPU
		{AAA16B1D-064A-4382-A617-286748B1686D}.Debug|Any CPU.Build.0 = Debug|Any CPU
		{AAA16B1D-064A-4382-A617-286748B1686D}.Release|Any CPU.ActiveCfg = Release|Any CPU
		{AAA16B1D-064A-4382-A617-286748B1686D}.Release|Any CPU.Build.0 = Release|Any CPU
		{E75AED8D-DBEB-45B0-9CFF-75BE15345BA8}.Debug|Any CPU.ActiveCfg = Debug|Any CPU
		{E75AED8D-DBEB-45B0-9CFF-75BE15345BA8}.Debug|Any CPU.Build.0 = Debug|Any CPU
		{E75AED8D-DBEB-45B0-9CFF-75BE15345BA8}.Release|Any CPU.ActiveCfg = Release|Any CPU
		{E75AED8D-DBEB-45B0-9CFF-75BE15345BA8}.Release|Any CPU.Build.0 = Release|Any CPU
		{9A383D1A-90C4-4A6C-869D-D5A34FE440B3}.Debug|Any CPU.ActiveCfg = Debug|Any CPU
		{9A383D1A-90C4-4A6C-869D-D5A34FE440B3}.Debug|Any CPU.Build.0 = Debug|Any CPU
		{9A383D1A-90C4-4A6C-869D-D5A34FE440B3}.Release|Any CPU.ActiveCfg = Release|Any CPU
		{9A383D1A-90C4-4A6C-869D-D5A34FE440B3}.Release|Any CPU.Build.0 = Release|Any CPU
		{185CBA6B-1198-4E34-99D6-D6B196066052}.Debug|Any CPU.ActiveCfg = Debug|Any CPU
		{185CBA6B-1198-4E34-99D6-D6B196066052}.Debug|Any CPU.Build.0 = Debug|Any CPU
		{185CBA6B-1198-4E34-99D6-D6B196066052}.Release|Any CPU.ActiveCfg = Release|Any CPU
		{185CBA6B-1198-4E34-99D6-D6B196066052}.Release|Any CPU.Build.0 = Release|Any CPU
	EndGlobalSection
EndGlobal
